
Microsoft Visual Studio Solution File, Format Version 12.00
# Visual Studio Version 16
VisualStudioVersion = 16.0.32228.343
MinimumVisualStudioVersion = 10.0.40219.1
Project("{FAE04EC0-301F-11D3-BF4B-00C04F79EFBC}") = "Collection 2", "Collection 2\Collection 2.csproj", "{CC76477C-4051-4734-8F74-CD73FAE19221}"
EndProject
Global
	GlobalSection(SolutionConfigurationPlatforms) = preSolution
		Debug|Any CPU = Debug|Any CPU
		Release|Any CPU = Release|Any CPU
	EndGlobalSection
	GlobalSection(ProjectConfigurationPlatforms) = postSolution
		{CC76477C-4051-4734-8F74-CD73FAE19221}.Debug|Any CPU.ActiveCfg = Debug|Any CPU
		{CC76477C-4051-4734-8F74-CD73FAE19221}.Debug|Any CPU.Build.0 = Debug|Any CPU
		{CC76477C-4051-4734-8F74-CD73FAE19221}.Release|Any CPU.ActiveCfg = Release|Any CPU
		{CC76477C-4051-4734-8F74-CD73FAE19221}.Release|Any CPU.Build.0 = Release|Any CPU
	EndGlobalSection
	GlobalSection(SolutionProperties) = preSolution
		HideSolutionNode = FALSE
	EndGlobalSection
	GlobalSection(ExtensibilityGlobals) = postSolution
		SolutionGuid = {A2C95959-5B97-4B1A-96F2-6F4C5AED5BD0}
	EndGlobalSection
EndGlobal
